
Microsoft Visual Studio Solution File, Format Version 12.00
# Visual Studio 15
VisualStudioVersion = 15.0.27004.2005
MinimumVisualStudioVersion = 10.0.40219.1
Project("{FAE04EC0-301F-11D3-BF4B-00C04F79EFBC}") = "ConstellationNetCore", "ConstellationNetCore\ConstellationNetCore.csproj", "{BEBA97BD-C1FC-4703-8894-F26B63045B42}"
EndProject
Global
	GlobalSection(SolutionConfigurationPlatforms) = preSolution
		Debug|Any CPU = Debug|Any CPU
		Release|Any CPU = Release|Any CPU
	EndGlobalSection
	GlobalSection(ProjectConfigurationPlatforms) = postSolution
		{BEBA97BD-C1FC-4703-8894-F26B63045B42}.Debug|Any CPU.ActiveCfg = Debug|Any CPU
		{BEBA97BD-C1FC-4703-8894-F26B63045B42}.Debug|Any CPU.Build.0 = Debug|Any CPU
		{BEBA97BD-C1FC-4703-8894-F26B63045B42}.Release|Any CPU.ActiveCfg = Release|Any CPU
		{BEBA97BD-C1FC-4703-8894-F26B63045B42}.Release|Any CPU.Build.0 = Release|Any CPU
	EndGlobalSection
	GlobalSection(SolutionProperties) = preSolution
		HideSolutionNode = FALSE
	EndGlobalSection
	GlobalSection(ExtensibilityGlobals) = postSolution
		SolutionGuid = {950A87FC-9869-46AC-830C-D4721C979F2E}
	EndGlobalSection
EndGlobal
